{
  "name": "getbot-imacros-sdk",
  "version": "1.2.0",
  "lockfileVersion": 1,
  "requires": true,
  "dependencies": {
    "browser-bunyan": {
      "version": "0.4.0",
      "resolved": "https://registry.npmjs.org/browser-bunyan/-/browser-bunyan-0.4.0.tgz",
      "integrity": "sha1-7Jj3MYAbZGZo8Te7CUE6Qusv+UA="
    },
    "lodash.once": {
      "version": "4.1.1",
      "resolved": "https://registry.npmjs.org/lodash.once/-/lodash.once-4.1.1.tgz",
      "integrity": "sha1-DdOXEhPHxW34gJd9UEyI+0cal6w="
    }
  }
}
